{
  "pins" : [
    {
      "identity" : "algoliasearch-client-swift",
      "kind" : "remoteSourceControl",
      "location" : "https://github.com/algolia/algoliasearch-client-swift",
      "state" : {
        "revision" : "44f45e11ae53d473bb3cfd7d0359a0cfb9355dc3",
        "version" : "8.19.0"
      }
    },
    {
      "identity" : "cachingplayeritem",
      "kind" : "remoteSourceControl",
      "location" : "https://github.com/sukov/CachingPlayerItem",
      "state" : {
        "revision" : "613ee44cac1e4fd97a58d1b98c8a79ddd17e27cb",
        "version" : "1.0.8"
      }
    },
    {
      "identity" : "clustermap",
      "kind" : "remoteSourceControl",
      "location" : "https://github.com/vospennikov/ClusterMap.git",
      "state" : {
        "revision" : "f3e60a742e6d3c149ce5d0c7424f373ef1b38140",
        "version" : "2.1.1"
      }
    },
    {
      "identity" : "instantsearch-ios",
      "kind" : "remoteSourceControl",
      "location" : "https://github.com/algolia/instantsearch-ios",
      "state" : {
        "revision" : "f6cdd6da2d7def69d23fec4e73e6a2267a46e0f1",
        "version" : "7.26.1"
      }
    },
    {
      "identity" : "instantsearch-telemetry-native",
      "kind" : "remoteSourceControl",
      "location" : "https://github.com/algolia/instantsearch-telemetry-native",
      "state" : {
        "revision" : "d9861ceb2fe25899a31672fb7c648ae8036d3221",
        "version" : "0.1.3"
      }
    },
    {
      "identity" : "swift-log",
      "kind" : "remoteSourceControl",
      "location" : "https://github.com/apple/swift-log.git",
      "state" : {
        "revision" : "e97a6fcb1ab07462881ac165fdbb37f067e205d5",
        "version" : "1.5.4"
      }
    },
    {
      "identity" : "swift-protobuf",
      "kind" : "remoteSourceControl",
      "location" : "https://github.com/apple/swift-protobuf.git",
      "state" : {
        "revision" : "9f0c76544701845ad98716f3f6a774a892152bcb",
        "version" : "1.26.0"
      }
    }
  ],
  "version" : 2
}
