// !$*UTF8*$!
{
	archiveVersion = 1;
	classes = {
	};
	objectVersion = 56;
	objects = {

/* Begin PBXBuildFile section */
		F84FE24C2B6A531200144F01 /* FoodiApp.swift in Sources */ = {isa = PBXBuildFile; fileRef = F84FE24B2B6A531200144F01 /* FoodiApp.swift */; };
		F84FE24E2B6A531200144F01 /* ContentView.swift in Sources */ = {isa = PBXBuildFile; fileRef = F84FE24D2B6A531200144F01 /* ContentView.swift */; };
		F84FE2502B6A531300144F01 /* Assets.xcassets in Resources */ = {isa = PBXBuildFile; fileRef = F84FE24F2B6A531300144F01 /* Assets.xcassets */; };
		F84FE2542B6A531300144F01 /* Preview Assets.xcassets in Resources */ = {isa = PBXBuildFile; fileRef = F84FE2532B6A531300144F01 /* Preview Assets.xcassets */; };
		F84FE25E2B6A531300144F01 /* FoodiTests.swift in Sources */ = {isa = PBXBuildFile; fileRef = F84FE25D2B6A531300144F01 /* FoodiTests.swift */; };
		F84FE2682B6A531300144F01 /* FoodiUITests.swift in Sources */ = {isa = PBXBuildFile; fileRef = F84FE2672B6A531300144F01 /* FoodiUITests.swift */; };
		F84FE26A2B6A531300144F01 /* FoodiUITestsLaunchTests.swift in Sources */ = {isa = PBXBuildFile; fileRef = F84FE2692B6A531300144F01 /* FoodiUITestsLaunchTests.swift */; };
		F84FE2952B6A55F800144F01 /* AuthError.swift in Sources */ = {isa = PBXBuildFile; fileRef = F84FE2942B6A55F800144F01 /* AuthError.swift */; };
		F84FE2982B6A564F00144F01 /* AuthServiceProtocol.swift in Sources */ = {isa = PBXBuildFile; fileRef = F84FE2972B6A564F00144F01 /* AuthServiceProtocol.swift */; };
		F84FE29A2B6A58B900144F01 /* AuthenticationFormProtocol.swift in Sources */ = {isa = PBXBuildFile; fileRef = F84FE2992B6A58B900144F01 /* AuthenticationFormProtocol.swift */; };
		F84FE29C2B6A58ED00144F01 /* AuthService.swift in Sources */ = {isa = PBXBuildFile; fileRef = F84FE29B2B6A58ED00144F01 /* AuthService.swift */; };
		F84FE29E2B6A590700144F01 /* MockAuthService.swift in Sources */ = {isa = PBXBuildFile; fileRef = F84FE29D2B6A590700144F01 /* MockAuthService.swift */; };
		F8D1CD3B2B6A5A3C00CEBE76 /* LoginViewModel.swift in Sources */ = {isa = PBXBuildFile; fileRef = F8D1CD3A2B6A5A3C00CEBE76 /* LoginViewModel.swift */; };
		F8D1CD3D2B6A5A5700CEBE76 /* RegistrationViewModel.swift in Sources */ = {isa = PBXBuildFile; fileRef = F8D1CD3C2B6A5A5700CEBE76 /* RegistrationViewModel.swift */; };
		F8D1CD3F2B6A5A7200CEBE76 /* LoginView.swift in Sources */ = {isa = PBXBuildFile; fileRef = F8D1CD3E2B6A5A7200CEBE76 /* LoginView.swift */; };
		F8D1CD412B6A5A8A00CEBE76 /* RegistrationView.swift in Sources */ = {isa = PBXBuildFile; fileRef = F8D1CD402B6A5A8A00CEBE76 /* RegistrationView.swift */; };
/* End PBXBuildFile section */

/* Begin PBXContainerItemProxy section */
		F84FE25A2B6A531300144F01 /* PBXContainerItemProxy */ = {
			isa = PBXContainerItemProxy;
			containerPortal = F84FE2402B6A531200144F01 /* Project object */;
			proxyType = 1;
			remoteGlobalIDString = F84FE2472B6A531200144F01;
			remoteInfo = Foodi;
		};
		F84FE2642B6A531300144F01 /* PBXContainerItemProxy */ = {
			isa = PBXContainerItemProxy;
			containerPortal = F84FE2402B6A531200144F01 /* Project object */;
			proxyType = 1;
			remoteGlobalIDString = F84FE2472B6A531200144F01;
			remoteInfo = Foodi;
		};
/* End PBXContainerItemProxy section */

/* Begin PBXFileReference section */
		F84FE2482B6A531200144F01 /* Foodi.app */ = {isa = PBXFileReference; explicitFileType = wrapper.application; includeInIndex = 0; path = Foodi.app; sourceTree = BUILT_PRODUCTS_DIR; };
		F84FE24B2B6A531200144F01 /* FoodiApp.swift */ = {isa = PBXFileReference; lastKnownFileType = sourcecode.swift; path = FoodiApp.swift; sourceTree = "<group>"; };
		F84FE24D2B6A531200144F01 /* ContentView.swift */ = {isa = PBXFileReference; lastKnownFileType = sourcecode.swift; path = ContentView.swift; sourceTree = "<group>"; };
		F84FE24F2B6A531300144F01 /* Assets.xcassets */ = {isa = PBXFileReference; lastKnownFileType = folder.assetcatalog; path = Assets.xcassets; sourceTree = "<group>"; };
		F84FE2512B6A531300144F01 /* Foodi.entitlements */ = {isa = PBXFileReference; lastKnownFileType = text.plist.entitlements; path = Foodi.entitlements; sourceTree = "<group>"; };
		F84FE2532B6A531300144F01 /* Preview Assets.xcassets */ = {isa = PBXFileReference; lastKnownFileType = folder.assetcatalog; path = "Preview Assets.xcassets"; sourceTree = "<group>"; };
		F84FE2592B6A531300144F01 /* FoodiTests.xctest */ = {isa = PBXFileReference; explicitFileType = wrapper.cfbundle; includeInIndex = 0; path = FoodiTests.xctest; sourceTree = BUILT_PRODUCTS_DIR; };
		F84FE25D2B6A531300144F01 /* FoodiTests.swift */ = {isa = PBXFileReference; lastKnownFileType = sourcecode.swift; path = FoodiTests.swift; sourceTree = "<group>"; };
		F84FE2632B6A531300144F01 /* FoodiUITests.xctest */ = {isa = PBXFileReference; explicitFileType = wrapper.cfbundle; includeInIndex = 0; path = FoodiUITests.xctest; sourceTree = BUILT_PRODUCTS_DIR; };
		F84FE2672B6A531300144F01 /* FoodiUITests.swift */ = {isa = PBXFileReference; lastKnownFileType = sourcecode.swift; path = FoodiUITests.swift; sourceTree = "<group>"; };
		F84FE2692B6A531300144F01 /* FoodiUITestsLaunchTests.swift */ = {isa = PBXFileReference; lastKnownFileType = sourcecode.swift; path = FoodiUITestsLaunchTests.swift; sourceTree = "<group>"; };
		F84FE2942B6A55F800144F01 /* AuthError.swift */ = {isa = PBXFileReference; lastKnownFileType = sourcecode.swift; path = AuthError.swift; sourceTree = "<group>"; };
		F84FE2972B6A564F00144F01 /* AuthServiceProtocol.swift */ = {isa = PBXFileReference; lastKnownFileType = sourcecode.swift; path = AuthServiceProtocol.swift; sourceTree = "<group>"; };
		F84FE2992B6A58B900144F01 /* AuthenticationFormProtocol.swift */ = {isa = PBXFileReference; lastKnownFileType = sourcecode.swift; path = AuthenticationFormProtocol.swift; sourceTree = "<group>"; };
		F84FE29B2B6A58ED00144F01 /* AuthService.swift */ = {isa = PBXFileReference; lastKnownFileType = sourcecode.swift; path = AuthService.swift; sourceTree = "<group>"; };
		F84FE29D2B6A590700144F01 /* MockAuthService.swift */ = {isa = PBXFileReference; lastKnownFileType = sourcecode.swift; path = MockAuthService.swift; sourceTree = "<group>"; };
		F8D1CD3A2B6A5A3C00CEBE76 /* LoginViewModel.swift */ = {isa = PBXFileReference; lastKnownFileType = sourcecode.swift; path = LoginViewModel.swift; sourceTree = "<group>"; };
		F8D1CD3C2B6A5A5700CEBE76 /* RegistrationViewModel.swift */ = {isa = PBXFileReference; lastKnownFileType = sourcecode.swift; path = RegistrationViewModel.swift; sourceTree = "<group>"; };
		F8D1CD3E2B6A5A7200CEBE76 /* LoginView.swift */ = {isa = PBXFileReference; lastKnownFileType = sourcecode.swift; path = LoginView.swift; sourceTree = "<group>"; };
		F8D1CD402B6A5A8A00CEBE76 /* RegistrationView.swift */ = {isa = PBXFileReference; lastKnownFileType = sourcecode.swift; path = RegistrationView.swift; sourceTree = "<group>"; };
/* End PBXFileReference section */

/* Begin PBXFrameworksBuildPhase section */
		F84FE2452B6A531200144F01 /* Frameworks */ = {
			isa = PBXFrameworksBuildPhase;
			buildActionMask = 2147483647;
			files = (
			);
			runOnlyForDeploymentPostprocessing = 0;
		};
		F84FE2562B6A531300144F01 /* Frameworks */ = {
			isa = PBXFrameworksBuildPhase;
			buildActionMask = 2147483647;
			files = (
			);
			runOnlyForDeploymentPostprocessing = 0;
		};
		F84FE2602B6A531300144F01 /* Frameworks */ = {
			isa = PBXFrameworksBuildPhase;
			buildActionMask = 2147483647;
			files = (
			);
			runOnlyForDeploymentPostprocessing = 0;
		};
/* End PBXFrameworksBuildPhase section */

/* Begin PBXGroup section */
		F84FE23F2B6A531200144F01 = {
			isa = PBXGroup;
			children = (
				F84FE24A2B6A531200144F01 /* Foodi */,
				F84FE25C2B6A531300144F01 /* FoodiTests */,
				F84FE2662B6A531300144F01 /* FoodiUITests */,
				F84FE2492B6A531200144F01 /* Products */,
			);
			sourceTree = "<group>";
		};
		F84FE2492B6A531200144F01 /* Products */ = {
			isa = PBXGroup;
			children = (
				F84FE2482B6A531200144F01 /* Foodi.app */,
				F84FE2592B6A531300144F01 /* FoodiTests.xctest */,
				F84FE2632B6A531300144F01 /* FoodiUITests.xctest */,
			);
			name = Products;
			sourceTree = "<group>";
		};
		F84FE24A2B6A531200144F01 /* Foodi */ = {
			isa = PBXGroup;
			children = (
				F84FE27B2B6A542D00144F01 /* App */,
				F84FE27A2B6A541900144F01 /* Core */,
				F84FE2792B6A541400144F01 /* Extensions */,
				F84FE2782B6A53E200144F01 /* Model */,
				F84FE2772B6A53DA00144F01 /* Services */,
				F84FE2762B6A53CF00144F01 /* Utils */,
				F84FE24D2B6A531200144F01 /* ContentView.swift */,
				F84FE24F2B6A531300144F01 /* Assets.xcassets */,
				F84FE2512B6A531300144F01 /* Foodi.entitlements */,
				F84FE2522B6A531300144F01 /* Preview Content */,
			);
			path = Foodi;
			sourceTree = "<group>";
		};
		F84FE2522B6A531300144F01 /* Preview Content */ = {
			isa = PBXGroup;
			children = (
				F84FE2532B6A531300144F01 /* Preview Assets.xcassets */,
			);
			path = "Preview Content";
			sourceTree = "<group>";
		};
		F84FE25C2B6A531300144F01 /* FoodiTests */ = {
			isa = PBXGroup;
			children = (
				F84FE25D2B6A531300144F01 /* FoodiTests.swift */,
			);
			path = FoodiTests;
			sourceTree = "<group>";
		};
		F84FE2662B6A531300144F01 /* FoodiUITests */ = {
			isa = PBXGroup;
			children = (
				F84FE2672B6A531300144F01 /* FoodiUITests.swift */,
				F84FE2692B6A531300144F01 /* FoodiUITestsLaunchTests.swift */,
			);
			path = FoodiUITests;
			sourceTree = "<group>";
		};
		F84FE2762B6A53CF00144F01 /* Utils */ = {
			isa = PBXGroup;
			children = (
			);
			path = Utils;
			sourceTree = "<group>";
		};
		F84FE2772B6A53DA00144F01 /* Services */ = {
			isa = PBXGroup;
			children = (
			);
			path = Services;
			sourceTree = "<group>";
		};
		F84FE2782B6A53E200144F01 /* Model */ = {
			isa = PBXGroup;
			children = (
			);
			path = Model;
			sourceTree = "<group>";
		};
		F84FE2792B6A541400144F01 /* Extensions */ = {
			isa = PBXGroup;
			children = (
			);
			path = Extensions;
			sourceTree = "<group>";
		};
		F84FE27A2B6A541900144F01 /* Core */ = {
			isa = PBXGroup;
			children = (
				F84FE27E2B6A54D700144F01 /* Authentication */,
				F84FE27D2B6A54BC00144F01 /* Comments */,
				F84FE27C2B6A548500144F01 /* Components */,
				F84FE27F2B6A54F500144F01 /* Feed */,
				F84FE2852B6A550000144F01 /* Filters */,
				F84FE2862B6A550200144F01 /* MainTabBar */,
				F84FE2872B6A553000144F01 /* Map */,
				F84FE2882B6A553500144F01 /* Notifications */,
				F84FE2892B6A553D00144F01 /* Profile */,
				F84FE28A2B6A554300144F01 /* RestaurantProfile */,
				F84FE28B2B6A555400144F01 /* Root */,
				F84FE28C2B6A555B00144F01 /* Search */,
				F84FE28D2B6A556400144F01 /* UploadMedia */,
			);
			path = Core;
			sourceTree = "<group>";
		};
		F84FE27B2B6A542D00144F01 /* App */ = {
			isa = PBXGroup;
			children = (
				F84FE24B2B6A531200144F01 /* FoodiApp.swift */,
			);
			path = App;
			sourceTree = "<group>";
		};
		F84FE27C2B6A548500144F01 /* Components */ = {
			isa = PBXGroup;
			children = (
			);
			path = Components;
			sourceTree = "<group>";
		};
		F84FE27D2B6A54BC00144F01 /* Comments */ = {
			isa = PBXGroup;
			children = (
			);
			path = Comments;
			sourceTree = "<group>";
		};
		F84FE27E2B6A54D700144F01 /* Authentication */ = {
			isa = PBXGroup;
			children = (
				F84FE2932B6A55EA00144F01 /* Model */,
				F84FE2922B6A55E200144F01 /* Protocols */,
				F84FE2912B6A55DC00144F01 /* Service */,
				F84FE28F2B6A55D200144F01 /* ViewModel */,
				F84FE28E2B6A55CC00144F01 /* View */,
			);
			path = Authentication;
			sourceTree = "<group>";
		};
		F84FE27F2B6A54F500144F01 /* Feed */ = {
			isa = PBXGroup;
			children = (
			);
			path = Feed;
			sourceTree = "<group>";
		};
		F84FE2852B6A550000144F01 /* Filters */ = {
			isa = PBXGroup;
			children = (
			);
			path = Filters;
			sourceTree = "<group>";
		};
		F84FE2862B6A550200144F01 /* MainTabBar */ = {
			isa = PBXGroup;
			children = (
			);
			path = MainTabBar;
			sourceTree = "<group>";
		};
		F84FE2872B6A553000144F01 /* Map */ = {
			isa = PBXGroup;
			children = (
			);
			path = Map;
			sourceTree = "<group>";
		};
		F84FE2882B6A553500144F01 /* Notifications */ = {
			isa = PBXGroup;
			children = (
			);
			path = Notifications;
			sourceTree = "<group>";
		};
		F84FE2892B6A553D00144F01 /* Profile */ = {
			isa = PBXGroup;
			children = (
			);
			path = Profile;
			sourceTree = "<group>";
		};
		F84FE28A2B6A554300144F01 /* RestaurantProfile */ = {
			isa = PBXGroup;
			children = (
			);
			path = RestaurantProfile;
			sourceTree = "<group>";
		};
		F84FE28B2B6A555400144F01 /* Root */ = {
			isa = PBXGroup;
			children = (
			);
			path = Root;
			sourceTree = "<group>";
		};
		F84FE28C2B6A555B00144F01 /* Search */ = {
			isa = PBXGroup;
			children = (
			);
			path = Search;
			sourceTree = "<group>";
		};
		F84FE28D2B6A556400144F01 /* UploadMedia */ = {
			isa = PBXGroup;
			children = (
			);
			path = UploadMedia;
			sourceTree = "<group>";
		};
		F84FE28E2B6A55CC00144F01 /* View */ = {
			isa = PBXGroup;
			children = (
				F8D1CD3E2B6A5A7200CEBE76 /* LoginView.swift */,
				F8D1CD402B6A5A8A00CEBE76 /* RegistrationView.swift */,
			);
			path = View;
			sourceTree = "<group>";
		};
		F84FE28F2B6A55D200144F01 /* ViewModel */ = {
			isa = PBXGroup;
			children = (
				F8D1CD3A2B6A5A3C00CEBE76 /* LoginViewModel.swift */,
				F8D1CD3C2B6A5A5700CEBE76 /* RegistrationViewModel.swift */,
			);
			path = ViewModel;
			sourceTree = "<group>";
		};
		F84FE2912B6A55DC00144F01 /* Service */ = {
			isa = PBXGroup;
			children = (
				F84FE29B2B6A58ED00144F01 /* AuthService.swift */,
				F84FE29D2B6A590700144F01 /* MockAuthService.swift */,
			);
			path = Service;
			sourceTree = "<group>";
		};
		F84FE2922B6A55E200144F01 /* Protocols */ = {
			isa = PBXGroup;
			children = (
				F84FE2972B6A564F00144F01 /* AuthServiceProtocol.swift */,
				F84FE2992B6A58B900144F01 /* AuthenticationFormProtocol.swift */,
			);
			path = Protocols;
			sourceTree = "<group>";
		};
		F84FE2932B6A55EA00144F01 /* Model */ = {
			isa = PBXGroup;
			children = (
				F84FE2942B6A55F800144F01 /* AuthError.swift */,
			);
			path = Model;
			sourceTree = "<group>";
		};
/* End PBXGroup section */

/* Begin PBXNativeTarget section */
		F84FE2472B6A531200144F01 /* Foodi */ = {
			isa = PBXNativeTarget;
			buildConfigurationList = F84FE26D2B6A531300144F01 /* Build configuration list for PBXNativeTarget "Foodi" */;
			buildPhases = (
				F84FE2442B6A531200144F01 /* Sources */,
				F84FE2452B6A531200144F01 /* Frameworks */,
				F84FE2462B6A531200144F01 /* Resources */,
			);
			buildRules = (
			);
			dependencies = (
			);
			name = Foodi;
			productName = Foodi;
			productReference = F84FE2482B6A531200144F01 /* Foodi.app */;
			productType = "com.apple.product-type.application";
		};
		F84FE2582B6A531300144F01 /* FoodiTests */ = {
			isa = PBXNativeTarget;
			buildConfigurationList = F84FE2702B6A531300144F01 /* Build configuration list for PBXNativeTarget "FoodiTests" */;
			buildPhases = (
				F84FE2552B6A531300144F01 /* Sources */,
				F84FE2562B6A531300144F01 /* Frameworks */,
				F84FE2572B6A531300144F01 /* Resources */,
			);
			buildRules = (
			);
			dependencies = (
				F84FE25B2B6A531300144F01 /* PBXTargetDependency */,
			);
			name = FoodiTests;
			productName = FoodiTests;
			productReference = F84FE2592B6A531300144F01 /* FoodiTests.xctest */;
			productType = "com.apple.product-type.bundle.unit-test";
		};
		F84FE2622B6A531300144F01 /* FoodiUITests */ = {
			isa = PBXNativeTarget;
			buildConfigurationList = F84FE2732B6A531300144F01 /* Build configuration list for PBXNativeTarget "FoodiUITests" */;
			buildPhases = (
				F84FE25F2B6A531300144F01 /* Sources */,
				F84FE2602B6A531300144F01 /* Frameworks */,
				F84FE2612B6A531300144F01 /* Resources */,
			);
			buildRules = (
			);
			dependencies = (
				F84FE2652B6A531300144F01 /* PBXTargetDependency */,
			);
			name = FoodiUITests;
			productName = FoodiUITests;
			productReference = F84FE2632B6A531300144F01 /* FoodiUITests.xctest */;
			productType = "com.apple.product-type.bundle.ui-testing";
		};
/* End PBXNativeTarget section */

/* Begin PBXProject section */
		F84FE2402B6A531200144F01 /* Project object */ = {
			isa = PBXProject;
			attributes = {
				BuildIndependentTargetsInParallel = 1;
				LastSwiftUpdateCheck = 1520;
				LastUpgradeCheck = 1520;
				TargetAttributes = {
					F84FE2472B6A531200144F01 = {
						CreatedOnToolsVersion = 15.2;
					};
					F84FE2582B6A531300144F01 = {
						CreatedOnToolsVersion = 15.2;
						TestTargetID = F84FE2472B6A531200144F01;
					};
					F84FE2622B6A531300144F01 = {
						CreatedOnToolsVersion = 15.2;
						TestTargetID = F84FE2472B6A531200144F01;
					};
				};
			};
			buildConfigurationList = F84FE2432B6A531200144F01 /* Build configuration list for PBXProject "Foodi" */;
			compatibilityVersion = "Xcode 14.0";
			developmentRegion = en;
			hasScannedForEncodings = 0;
			knownRegions = (
				en,
				Base,
			);
			mainGroup = F84FE23F2B6A531200144F01;
			productRefGroup = F84FE2492B6A531200144F01 /* Products */;
			projectDirPath = "";
			projectRoot = "";
			targets = (
				F84FE2472B6A531200144F01 /* Foodi */,
				F84FE2582B6A531300144F01 /* FoodiTests */,
				F84FE2622B6A531300144F01 /* FoodiUITests */,
			);
		};
/* End PBXProject section */

/* Begin PBXResourcesBuildPhase section */
		F84FE2462B6A531200144F01 /* Resources */ = {
			isa = PBXResourcesBuildPhase;
			buildActionMask = 2147483647;
			files = (
				F84FE2542B6A531300144F01 /* Preview Assets.xcassets in Resources */,
				F84FE2502B6A531300144F01 /* Assets.xcassets in Resources */,
			);
			runOnlyForDeploymentPostprocessing = 0;
		};
		F84FE2572B6A531300144F01 /* Resources */ = {
			isa = PBXResourcesBuildPhase;
			buildActionMask = 2147483647;
			files = (
			);
			runOnlyForDeploymentPostprocessing = 0;
		};
		F84FE2612B6A531300144F01 /* Resources */ = {
			isa = PBXResourcesBuildPhase;
			buildActionMask = 2147483647;
			files = (
			);
			runOnlyForDeploymentPostprocessing = 0;
		};
/* End PBXResourcesBuildPhase section */

/* Begin PBXSourcesBuildPhase section */
		F84FE2442B6A531200144F01 /* Sources */ = {
			isa = PBXSourcesBuildPhase;
			buildActionMask = 2147483647;
			files = (
				F8D1CD412B6A5A8A00CEBE76 /* RegistrationView.swift in Sources */,
				F84FE29E2B6A590700144F01 /* MockAuthService.swift in Sources */,
				F8D1CD3D2B6A5A5700CEBE76 /* RegistrationViewModel.swift in Sources */,
				F84FE29A2B6A58B900144F01 /* AuthenticationFormProtocol.swift in Sources */,
				F84FE24E2B6A531200144F01 /* ContentView.swift in Sources */,
				F84FE2982B6A564F00144F01 /* AuthServiceProtocol.swift in Sources */,
				F8D1CD3B2B6A5A3C00CEBE76 /* LoginViewModel.swift in Sources */,
				F84FE29C2B6A58ED00144F01 /* AuthService.swift in Sources */,
				F84FE2952B6A55F800144F01 /* AuthError.swift in Sources */,
				F8D1CD3F2B6A5A7200CEBE76 /* LoginView.swift in Sources */,
				F84FE24C2B6A531200144F01 /* FoodiApp.swift in Sources */,
			);
			runOnlyForDeploymentPostprocessing = 0;
		};
		F84FE2552B6A531300144F01 /* Sources */ = {
			isa = PBXSourcesBuildPhase;
			buildActionMask = 2147483647;
			files = (
				F84FE25E2B6A531300144F01 /* FoodiTests.swift in Sources */,
			);
			runOnlyForDeploymentPostprocessing = 0;
		};
		F84FE25F2B6A531300144F01 /* Sources */ = {
			isa = PBXSourcesBuildPhase;
			buildActionMask = 2147483647;
			files = (
				F84FE26A2B6A531300144F01 /* FoodiUITestsLaunchTests.swift in Sources */,
				F84FE2682B6A531300144F01 /* FoodiUITests.swift in Sources */,
			);
			runOnlyForDeploymentPostprocessing = 0;
		};
/* End PBXSourcesBuildPhase section */

/* Begin PBXTargetDependency section */
		F84FE25B2B6A531300144F01 /* PBXTargetDependency */ = {
			isa = PBXTargetDependency;
			target = F84FE2472B6A531200144F01 /* Foodi */;
			targetProxy = F84FE25A2B6A531300144F01 /* PBXContainerItemProxy */;
		};
		F84FE2652B6A531300144F01 /* PBXTargetDependency */ = {
			isa = PBXTargetDependency;
			target = F84FE2472B6A531200144F01 /* Foodi */;
			targetProxy = F84FE2642B6A531300144F01 /* PBXContainerItemProxy */;
		};
/* End PBXTargetDependency section */

/* Begin XCBuildConfiguration section */
		F84FE26B2B6A531300144F01 /* Debug */ = {
			isa = XCBuildConfiguration;
			buildSettings = {
				ALWAYS_SEARCH_USER_PATHS = NO;
				ASSETCATALOG_COMPILER_GENERATE_SWIFT_ASSET_SYMBOL_EXTENSIONS = YES;
				CLANG_ANALYZER_NONNULL = YES;
				CLANG_ANALYZER_NUMBER_OBJECT_CONVERSION = YES_AGGRESSIVE;
				CLANG_CXX_LANGUAGE_STANDARD = "gnu++20";
				CLANG_ENABLE_MODULES = YES;
				CLANG_ENABLE_OBJC_ARC = YES;
				CLANG_ENABLE_OBJC_WEAK = YES;
				CLANG_WARN_BLOCK_CAPTURE_AUTORELEASING = YES;
				CLANG_WARN_BOOL_CONVERSION = YES;
				CLANG_WARN_COMMA = YES;
				CLANG_WARN_CONSTANT_CONVERSION = YES;
				CLANG_WARN_DEPRECATED_OBJC_IMPLEMENTATIONS = YES;
				CLANG_WARN_DIRECT_OBJC_ISA_USAGE = YES_ERROR;
				CLANG_WARN_DOCUMENTATION_COMMENTS = YES;
				CLANG_WARN_EMPTY_BODY = YES;
				CLANG_WARN_ENUM_CONVERSION = YES;
				CLANG_WARN_INFINITE_RECURSION = YES;
				CLANG_WARN_INT_CONVERSION = YES;
				CLANG_WARN_NON_LITERAL_NULL_CONVERSION = YES;
				CLANG_WARN_OBJC_IMPLICIT_RETAIN_SELF = YES;
				CLANG_WARN_OBJC_LITERAL_CONVERSION = YES;
				CLANG_WARN_OBJC_ROOT_CLASS = YES_ERROR;
				CLANG_WARN_QUOTED_INCLUDE_IN_FRAMEWORK_HEADER = YES;
				CLANG_WARN_RANGE_LOOP_ANALYSIS = YES;
				CLANG_WARN_STRICT_PROTOTYPES = YES;
				CLANG_WARN_SUSPICIOUS_MOVE = YES;
				CLANG_WARN_UNGUARDED_AVAILABILITY = YES_AGGRESSIVE;
				CLANG_WARN_UNREACHABLE_CODE = YES;
				CLANG_WARN__DUPLICATE_METHOD_MATCH = YES;
				COPY_PHASE_STRIP = NO;
				DEBUG_INFORMATION_FORMAT = dwarf;
				ENABLE_STRICT_OBJC_MSGSEND = YES;
				ENABLE_TESTABILITY = YES;
				ENABLE_USER_SCRIPT_SANDBOXING = YES;
				GCC_C_LANGUAGE_STANDARD = gnu17;
				GCC_DYNAMIC_NO_PIC = NO;
				GCC_NO_COMMON_BLOCKS = YES;
				GCC_OPTIMIZATION_LEVEL = 0;
				GCC_PREPROCESSOR_DEFINITIONS = (
					"DEBUG=1",
					"$(inherited)",
				);
				GCC_WARN_64_TO_32_BIT_CONVERSION = YES;
				GCC_WARN_ABOUT_RETURN_TYPE = YES_ERROR;
				GCC_WARN_UNDECLARED_SELECTOR = YES;
				GCC_WARN_UNINITIALIZED_AUTOS = YES_AGGRESSIVE;
				GCC_WARN_UNUSED_FUNCTION = YES;
				GCC_WARN_UNUSED_VARIABLE = YES;
				LOCALIZATION_PREFERS_STRING_CATALOGS = YES;
				MTL_ENABLE_DEBUG_INFO = INCLUDE_SOURCE;
				MTL_FAST_MATH = YES;
				ONLY_ACTIVE_ARCH = YES;
				SWIFT_ACTIVE_COMPILATION_CONDITIONS = "DEBUG $(inherited)";
				SWIFT_OPTIMIZATION_LEVEL = "-Onone";
			};
			name = Debug;
		};
		F84FE26C2B6A531300144F01 /* Release */ = {
			isa = XCBuildConfiguration;
			buildSettings = {
				ALWAYS_SEARCH_USER_PATHS = NO;
				ASSETCATALOG_COMPILER_GENERATE_SWIFT_ASSET_SYMBOL_EXTENSIONS = YES;
				CLANG_ANALYZER_NONNULL = YES;
				CLANG_ANALYZER_NUMBER_OBJECT_CONVERSION = YES_AGGRESSIVE;
				CLANG_CXX_LANGUAGE_STANDARD = "gnu++20";
				CLANG_ENABLE_MODULES = YES;
				CLANG_ENABLE_OBJC_ARC = YES;
				CLANG_ENABLE_OBJC_WEAK = YES;
				CLANG_WARN_BLOCK_CAPTURE_AUTORELEASING = YES;
				CLANG_WARN_BOOL_CONVERSION = YES;
				CLANG_WARN_COMMA = YES;
				CLANG_WARN_CONSTANT_CONVERSION = YES;
				CLANG_WARN_DEPRECATED_OBJC_IMPLEMENTATIONS = YES;
				CLANG_WARN_DIRECT_OBJC_ISA_USAGE = YES_ERROR;
				CLANG_WARN_DOCUMENTATION_COMMENTS = YES;
				CLANG_WARN_EMPTY_BODY = YES;
				CLANG_WARN_ENUM_CONVERSION = YES;
				CLANG_WARN_INFINITE_RECURSION = YES;
				CLANG_WARN_INT_CONVERSION = YES;
				CLANG_WARN_NON_LITERAL_NULL_CONVERSION = YES;
				CLANG_WARN_OBJC_IMPLICIT_RETAIN_SELF = YES;
				CLANG_WARN_OBJC_LITERAL_CONVERSION = YES;
				CLANG_WARN_OBJC_ROOT_CLASS = YES_ERROR;
				CLANG_WARN_QUOTED_INCLUDE_IN_FRAMEWORK_HEADER = YES;
				CLANG_WARN_RANGE_LOOP_ANALYSIS = YES;
				CLANG_WARN_STRICT_PROTOTYPES = YES;
				CLANG_WARN_SUSPICIOUS_MOVE = YES;
				CLANG_WARN_UNGUARDED_AVAILABILITY = YES_AGGRESSIVE;
				CLANG_WARN_UNREACHABLE_CODE = YES;
				CLANG_WARN__DUPLICATE_METHOD_MATCH = YES;
				COPY_PHASE_STRIP = NO;
				DEBUG_INFORMATION_FORMAT = "dwarf-with-dsym";
				ENABLE_NS_ASSERTIONS = NO;
				ENABLE_STRICT_OBJC_MSGSEND = YES;
				ENABLE_USER_SCRIPT_SANDBOXING = YES;
				GCC_C_LANGUAGE_STANDARD = gnu17;
				GCC_NO_COMMON_BLOCKS = YES;
				GCC_WARN_64_TO_32_BIT_CONVERSION = YES;
				GCC_WARN_ABOUT_RETURN_TYPE = YES_ERROR;
				GCC_WARN_UNDECLARED_SELECTOR = YES;
				GCC_WARN_UNINITIALIZED_AUTOS = YES_AGGRESSIVE;
				GCC_WARN_UNUSED_FUNCTION = YES;
				GCC_WARN_UNUSED_VARIABLE = YES;
				LOCALIZATION_PREFERS_STRING_CATALOGS = YES;
				MTL_ENABLE_DEBUG_INFO = NO;
				MTL_FAST_MATH = YES;
				SWIFT_COMPILATION_MODE = wholemodule;
			};
			name = Release;
		};
		F84FE26E2B6A531300144F01 /* Debug */ = {
			isa = XCBuildConfiguration;
			buildSettings = {
				ASSETCATALOG_COMPILER_APPICON_NAME = AppIcon;
				ASSETCATALOG_COMPILER_GLOBAL_ACCENT_COLOR_NAME = AccentColor;
				CODE_SIGN_ENTITLEMENTS = Foodi/Foodi.entitlements;
				CODE_SIGN_STYLE = Automatic;
				CURRENT_PROJECT_VERSION = 1;
				DEVELOPMENT_ASSET_PATHS = "\"Foodi/Preview Content\"";
				ENABLE_PREVIEWS = YES;
				GENERATE_INFOPLIST_FILE = YES;
				"INFOPLIST_KEY_UIApplicationSceneManifest_Generation[sdk=iphoneos*]" = YES;
				"INFOPLIST_KEY_UIApplicationSceneManifest_Generation[sdk=iphonesimulator*]" = YES;
				"INFOPLIST_KEY_UIApplicationSupportsIndirectInputEvents[sdk=iphoneos*]" = YES;
				"INFOPLIST_KEY_UIApplicationSupportsIndirectInputEvents[sdk=iphonesimulator*]" = YES;
				"INFOPLIST_KEY_UILaunchScreen_Generation[sdk=iphoneos*]" = YES;
				"INFOPLIST_KEY_UILaunchScreen_Generation[sdk=iphonesimulator*]" = YES;
				"INFOPLIST_KEY_UIStatusBarStyle[sdk=iphoneos*]" = UIStatusBarStyleDefault;
				"INFOPLIST_KEY_UIStatusBarStyle[sdk=iphonesimulator*]" = UIStatusBarStyleDefault;
				INFOPLIST_KEY_UISupportedInterfaceOrientations_iPad = "UIInterfaceOrientationPortrait UIInterfaceOrientationPortraitUpsideDown UIInterfaceOrientationLandscapeLeft UIInterfaceOrientationLandscapeRight";
				INFOPLIST_KEY_UISupportedInterfaceOrientations_iPhone = "UIInterfaceOrientationPortrait UIInterfaceOrientationLandscapeLeft UIInterfaceOrientationLandscapeRight";
				IPHONEOS_DEPLOYMENT_TARGET = 17.2;
				LD_RUNPATH_SEARCH_PATHS = "@executable_path/Frameworks";
				"LD_RUNPATH_SEARCH_PATHS[sdk=macosx*]" = "@executable_path/../Frameworks";
				MACOSX_DEPLOYMENT_TARGET = 13.5;
				MARKETING_VERSION = 1.0;
				PRODUCT_BUNDLE_IDENTIFIER = Foodi.Foodi;
				PRODUCT_NAME = "$(TARGET_NAME)";
				SDKROOT = auto;
				SUPPORTED_PLATFORMS = "iphoneos iphonesimulator macosx";
				SWIFT_EMIT_LOC_STRINGS = YES;
				SWIFT_VERSION = 5.0;
				TARGETED_DEVICE_FAMILY = "1,2";
			};
			name = Debug;
		};
		F84FE26F2B6A531300144F01 /* Release */ = {
			isa = XCBuildConfiguration;
			buildSettings = {
				ASSETCATALOG_COMPILER_APPICON_NAME = AppIcon;
				ASSETCATALOG_COMPILER_GLOBAL_ACCENT_COLOR_NAME = AccentColor;
				CODE_SIGN_ENTITLEMENTS = Foodi/Foodi.entitlements;
				CODE_SIGN_STYLE = Automatic;
				CURRENT_PROJECT_VERSION = 1;
				DEVELOPMENT_ASSET_PATHS = "\"Foodi/Preview Content\"";
				ENABLE_PREVIEWS = YES;
				GENERATE_INFOPLIST_FILE = YES;
				"INFOPLIST_KEY_UIApplicationSceneManifest_Generation[sdk=iphoneos*]" = YES;
				"INFOPLIST_KEY_UIApplicationSceneManifest_Generation[sdk=iphonesimulator*]" = YES;
				"INFOPLIST_KEY_UIApplicationSupportsIndirectInputEvents[sdk=iphoneos*]" = YES;
				"INFOPLIST_KEY_UIApplicationSupportsIndirectInputEvents[sdk=iphonesimulator*]" = YES;
				"INFOPLIST_KEY_UILaunchScreen_Generation[sdk=iphoneos*]" = YES;
				"INFOPLIST_KEY_UILaunchScreen_Generation[sdk=iphonesimulator*]" = YES;
				"INFOPLIST_KEY_UIStatusBarStyle[sdk=iphoneos*]" = UIStatusBarStyleDefault;
				"INFOPLIST_KEY_UIStatusBarStyle[sdk=iphonesimulator*]" = UIStatusBarStyleDefault;
				INFOPLIST_KEY_UISupportedInterfaceOrientations_iPad = "UIInterfaceOrientationPortrait UIInterfaceOrientationPortraitUpsideDown UIInterfaceOrientationLandscapeLeft UIInterfaceOrientationLandscapeRight";
				INFOPLIST_KEY_UISupportedInterfaceOrientations_iPhone = "UIInterfaceOrientationPortrait UIInterfaceOrientationLandscapeLeft UIInterfaceOrientationLandscapeRight";
				IPHONEOS_DEPLOYMENT_TARGET = 17.2;
				LD_RUNPATH_SEARCH_PATHS = "@executable_path/Frameworks";
				"LD_RUNPATH_SEARCH_PATHS[sdk=macosx*]" = "@executable_path/../Frameworks";
				MACOSX_DEPLOYMENT_TARGET = 13.5;
				MARKETING_VERSION = 1.0;
				PRODUCT_BUNDLE_IDENTIFIER = Foodi.Foodi;
				PRODUCT_NAME = "$(TARGET_NAME)";
				SDKROOT = auto;
				SUPPORTED_PLATFORMS = "iphoneos iphonesimulator macosx";
				SWIFT_EMIT_LOC_STRINGS = YES;
				SWIFT_VERSION = 5.0;
				TARGETED_DEVICE_FAMILY = "1,2";
			};
			name = Release;
		};
		F84FE2712B6A531300144F01 /* Debug */ = {
			isa = XCBuildConfiguration;
			buildSettings = {
				ALWAYS_EMBED_SWIFT_STANDARD_LIBRARIES = YES;
				BUNDLE_LOADER = "$(TEST_HOST)";
				CODE_SIGN_STYLE = Automatic;
				CURRENT_PROJECT_VERSION = 1;
				GENERATE_INFOPLIST_FILE = YES;
				IPHONEOS_DEPLOYMENT_TARGET = 17.2;
				MACOSX_DEPLOYMENT_TARGET = 13.5;
				MARKETING_VERSION = 1.0;
				PRODUCT_BUNDLE_IDENTIFIER = Foodi.FoodiTests;
				PRODUCT_NAME = "$(TARGET_NAME)";
				SDKROOT = auto;
				SUPPORTED_PLATFORMS = "iphoneos iphonesimulator macosx";
				SWIFT_EMIT_LOC_STRINGS = NO;
				SWIFT_VERSION = 5.0;
				TARGETED_DEVICE_FAMILY = "1,2";
				TEST_HOST = "$(BUILT_PRODUCTS_DIR)/Foodi.app/$(BUNDLE_EXECUTABLE_FOLDER_PATH)/Foodi";
			};
			name = Debug;
		};
		F84FE2722B6A531300144F01 /* Release */ = {
			isa = XCBuildConfiguration;
			buildSettings = {
				ALWAYS_EMBED_SWIFT_STANDARD_LIBRARIES = YES;
				BUNDLE_LOADER = "$(TEST_HOST)";
				CODE_SIGN_STYLE = Automatic;
				CURRENT_PROJECT_VERSION = 1;
				GENERATE_INFOPLIST_FILE = YES;
				IPHONEOS_DEPLOYMENT_TARGET = 17.2;
				MACOSX_DEPLOYMENT_TARGET = 13.5;
				MARKETING_VERSION = 1.0;
				PRODUCT_BUNDLE_IDENTIFIER = Foodi.FoodiTests;
				PRODUCT_NAME = "$(TARGET_NAME)";
				SDKROOT = auto;
				SUPPORTED_PLATFORMS = "iphoneos iphonesimulator macosx";
				SWIFT_EMIT_LOC_STRINGS = NO;
				SWIFT_VERSION = 5.0;
				TARGETED_DEVICE_FAMILY = "1,2";
				TEST_HOST = "$(BUILT_PRODUCTS_DIR)/Foodi.app/$(BUNDLE_EXECUTABLE_FOLDER_PATH)/Foodi";
			};
			name = Release;
		};
		F84FE2742B6A531300144F01 /* Debug */ = {
			isa = XCBuildConfiguration;
			buildSettings = {
				ALWAYS_EMBED_SWIFT_STANDARD_LIBRARIES = YES;
				CODE_SIGN_STYLE = Automatic;
				CURRENT_PROJECT_VERSION = 1;
				GENERATE_INFOPLIST_FILE = YES;
				IPHONEOS_DEPLOYMENT_TARGET = 17.2;
				MACOSX_DEPLOYMENT_TARGET = 13.5;
				MARKETING_VERSION = 1.0;
				PRODUCT_BUNDLE_IDENTIFIER = Foodi.FoodiUITests;
				PRODUCT_NAME = "$(TARGET_NAME)";
				SDKROOT = auto;
				SUPPORTED_PLATFORMS = "iphoneos iphonesimulator macosx";
				SWIFT_EMIT_LOC_STRINGS = NO;
				SWIFT_VERSION = 5.0;
				TARGETED_DEVICE_FAMILY = "1,2";
				TEST_TARGET_NAME = Foodi;
			};
			name = Debug;
		};
		F84FE2752B6A531300144F01 /* Release */ = {
			isa = XCBuildConfiguration;
			buildSettings = {
				ALWAYS_EMBED_SWIFT_STANDARD_LIBRARIES = YES;
				CODE_SIGN_STYLE = Automatic;
				CURRENT_PROJECT_VERSION = 1;
				GENERATE_INFOPLIST_FILE = YES;
				IPHONEOS_DEPLOYMENT_TARGET = 17.2;
				MACOSX_DEPLOYMENT_TARGET = 13.5;
				MARKETING_VERSION = 1.0;
				PRODUCT_BUNDLE_IDENTIFIER = Foodi.FoodiUITests;
				PRODUCT_NAME = "$(TARGET_NAME)";
				SDKROOT = auto;
				SUPPORTED_PLATFORMS = "iphoneos iphonesimulator macosx";
				SWIFT_EMIT_LOC_STRINGS = NO;
				SWIFT_VERSION = 5.0;
				TARGETED_DEVICE_FAMILY = "1,2";
				TEST_TARGET_NAME = Foodi;
			};
			name = Release;
		};
/* End XCBuildConfiguration section */

/* Begin XCConfigurationList section */
		F84FE2432B6A531200144F01 /* Build configuration list for PBXProject "Foodi" */ = {
			isa = XCConfigurationList;
			buildConfigurations = (
				F84FE26B2B6A531300144F01 /* Debug */,
				F84FE26C2B6A531300144F01 /* Release */,
			);
			defaultConfigurationIsVisible = 0;
			defaultConfigurationName = Release;
		};
		F84FE26D2B6A531300144F01 /* Build configuration list for PBXNativeTarget "Foodi" */ = {
			isa = XCConfigurationList;
			buildConfigurations = (
				F84FE26E2B6A531300144F01 /* Debug */,
				F84FE26F2B6A531300144F01 /* Release */,
			);
			defaultConfigurationIsVisible = 0;
			defaultConfigurationName = Release;
		};
		F84FE2702B6A531300144F01 /* Build configuration list for PBXNativeTarget "FoodiTests" */ = {
			isa = XCConfigurationList;
			buildConfigurations = (
				F84FE2712B6A531300144F01 /* Debug */,
				F84FE2722B6A531300144F01 /* Release */,
			);
			defaultConfigurationIsVisible = 0;
			defaultConfigurationName = Release;
		};
		F84FE2732B6A531300144F01 /* Build configuration list for PBXNativeTarget "FoodiUITests" */ = {
			isa = XCConfigurationList;
			buildConfigurations = (
				F84FE2742B6A531300144F01 /* Debug */,
				F84FE2752B6A531300144F01 /* Release */,
			);
			defaultConfigurationIsVisible = 0;
			defaultConfigurationName = Release;
		};
/* End XCConfigurationList section */
	};
	rootObject = F84FE2402B6A531200144F01 /* Project object */;
}
